
Microsoft Visual Studio Solution File, Format Version 12.00
# Visual Studio Version 17
VisualStudioVersion = 17.5.33502.453
MinimumVisualStudioVersion = 10.0.40219.1
Project("{FAE04EC0-301F-11D3-BF4B-00C04F79EFBC}") = "ProductManagement", "ProductManagement\ProductManagement.csproj", "{01C1B02A-5A3A-4851-80A6-D6F55420B040}"
EndProject
Global
	GlobalSection(SolutionConfigurationPlatforms) = preSolution
		Debug|Any CPU = Debug|Any CPU
		Release|Any CPU = Release|Any CPU
	EndGlobalSection
	GlobalSection(ProjectConfigurationPlatforms) = postSolution
		{01C1B02A-5A3A-4851-80A6-D6F55420B040}.Debug|Any CPU.ActiveCfg = Debug|Any CPU
		{01C1B02A-5A3A-4851-80A6-D6F55420B040}.Debug|Any CPU.Build.0 = Debug|Any CPU
		{01C1B02A-5A3A-4851-80A6-D6F55420B040}.Release|Any CPU.ActiveCfg = Release|Any CPU
		{01C1B02A-5A3A-4851-80A6-D6F55420B040}.Release|Any CPU.Build.0 = Release|Any CPU
	EndGlobalSection
	GlobalSection(SolutionProperties) = preSolution
		HideSolutionNode = FALSE
	EndGlobalSection
	GlobalSection(ExtensibilityGlobals) = postSolution
		SolutionGuid = {7B91E26C-8A5D-4C40-9A1D-3DECEECF3288}
	EndGlobalSection
EndGlobal
